
Microsoft Visual Studio Solution File, Format Version 12.00
# Visual Studio Version 16
VisualStudioVersion = 16.0.28803.156
MinimumVisualStudioVersion = 10.0.40219.1
Project("{9A19103F-16F7-4668-BE54-9A1E7A4F7556}") = "FAManagementStudio", "FAManagementStudio\FAManagementStudio.csproj", "{35ABA54C-D4AE-438A-B9E9-490441E72854}"
EndProject
Project("{FAE04EC0-301F-11D3-BF4B-00C04F79EFBC}") = "FAManagementStudioTests", "FAManagementStudioTests\FAManagementStudioTests.csproj", "{29D4823D-C591-4E1E-980E-E7B5013EFE77}"
EndProject
Project("{9A19103F-16F7-4668-BE54-9A1E7A4F7556}") = "FAManagementStudio.Controls", "FAManagementStudio.Controls\FAManagementStudio.Controls.csproj", "{0AE2FCF9-BE9A-453A-A5B5-C294E9C1B06D}"
EndProject
Global
	GlobalSection(SolutionConfigurationPlatforms) = preSolution
		Debug|x64 = Debug|x64
		Debug|x86 = Debug|x86
		Release|x64 = Release|x64
		Release|x86 = Release|x86
	EndGlobalSection
	GlobalSection(ProjectConfigurationPlatforms) = postSolution
		{35ABA54C-D4AE-438A-B9E9-490441E72854}.Debug|x64.ActiveCfg = Debug|x64
		{35ABA54C-D4AE-438A-B9E9-490441E72854}.Debug|x64.Build.0 = Debug|x64
		{35ABA54C-D4AE-438A-B9E9-490441E72854}.Debug|x86.ActiveCfg = Debug|x86
		{35ABA54C-D4AE-438A-B9E9-490441E72854}.Debug|x86.Build.0 = Debug|x86
		{35ABA54C-D4AE-438A-B9E9-490441E72854}.Release|x64.ActiveCfg = Release|x64
		{35ABA54C-D4AE-438A-B9E9-490441E72854}.Release|x64.Build.0 = Release|x64
		{35ABA54C-D4AE-438A-B9E9-490441E72854}.Release|x86.ActiveCfg = Release|x86
		{35ABA54C-D4AE-438A-B9E9-490441E72854}.Release|x86.Build.0 = Release|x86
		{29D4823D-C591-4E1E-980E-E7B5013EFE77}.Debug|x64.ActiveCfg = Debug|x64
		{29D4823D-C591-4E1E-980E-E7B5013EFE77}.Debug|x64.Build.0 = Debug|x64
		{29D4823D-C591-4E1E-980E-E7B5013EFE77}.Debug|x86.ActiveCfg = Debug|x86
		{29D4823D-C591-4E1E-980E-E7B5013EFE77}.Debug|x86.Build.0 = Debug|x86
		{29D4823D-C591-4E1E-980E-E7B5013EFE77}.Release|x64.ActiveCfg = Release|x64
		{29D4823D-C591-4E1E-980E-E7B5013EFE77}.Release|x64.Build.0 = Release|x64
		{29D4823D-C591-4E1E-980E-E7B5013EFE77}.Release|x86.ActiveCfg = Release|x86
		{29D4823D-C591-4E1E-980E-E7B5013EFE77}.Release|x86.Build.0 = Release|x86
		{0AE2FCF9-BE9A-453A-A5B5-C294E9C1B06D}.Debug|x64.ActiveCfg = Debug|x64
		{0AE2FCF9-BE9A-453A-A5B5-C294E9C1B06D}.Debug|x64.Build.0 = Debug|x64
		{0AE2FCF9-BE9A-453A-A5B5-C294E9C1B06D}.Debug|x86.ActiveCfg = Debug|x86
		{0AE2FCF9-BE9A-453A-A5B5-C294E9C1B06D}.Debug|x86.Build.0 = Debug|x86
		{0AE2FCF9-BE9A-453A-A5B5-C294E9C1B06D}.Release|x64.ActiveCfg = Release|x64
		{0AE2FCF9-BE9A-453A-A5B5-C294E9C1B06D}.Release|x64.Build.0 = Release|x64
		{0AE2FCF9-BE9A-453A-A5B5-C294E9C1B06D}.Release|x86.ActiveCfg = Release|x86
		{0AE2FCF9-BE9A-453A-A5B5-C294E9C1B06D}.Release|x86.Build.0 = Release|x86
	EndGlobalSection
	GlobalSection(SolutionProperties) = preSolution
		HideSolutionNode = FALSE
	EndGlobalSection
	GlobalSection(ExtensibilityGlobals) = postSolution
		SolutionGuid = {B33340A5-0564-49D1-A176-8437FA3C4808}
	EndGlobalSection
EndGlobal
